// !$*UTF8*$!
{
	archiveVersion = 1;
	classes = {
	};
	objectVersion = 46;
	objects = {

/* Begin PBXBuildFile section */
		3ACF11691BD9FB8500EDBF4B /* User.m in Sources */ = {isa = PBXBuildFile; fileRef = 3ACF11681BD9FB8500EDBF4B /* User.m */; };
		3ACF116C1BD9FB9500EDBF4B /* Post.m in Sources */ = {isa = PBXBuildFile; fileRef = 3ACF116B1BD9FB9500EDBF4B /* Post.m */; };
		3ACF116F1BD9FBA900EDBF4B /* Comment.m in Sources */ = {isa = PBXBuildFile; fileRef = 3ACF116E1BD9FBA900EDBF4B /* Comment.m */; };
		3ACF11721BDA083C00EDBF4B /* PostCollectionViewCell.m in Sources */ = {isa = PBXBuildFile; fileRef = 3ACF11711BDA083C00EDBF4B /* PostCollectionViewCell.m */; };
		47A4A85F1BD9CF19006091DA /* main.m in Sources */ = {isa = PBXBuildFile; fileRef = 47A4A85E1BD9CF19006091DA /* main.m */; };
		47A4A8621BD9CF19006091DA /* AppDelegate.m in Sources */ = {isa = PBXBuildFile; fileRef = 47A4A8611BD9CF19006091DA /* AppDelegate.m */; };
		47A4A8681BD9CF19006091DA /* Main.storyboard in Resources */ = {isa = PBXBuildFile; fileRef = 47A4A8661BD9CF19006091DA /* Main.storyboard */; };
		47A4A86A1BD9CF19006091DA /* Assets.xcassets in Resources */ = {isa = PBXBuildFile; fileRef = 47A4A8691BD9CF19006091DA /* Assets.xcassets */; };
		47A4A86D1BD9CF19006091DA /* LaunchScreen.storyboard in Resources */ = {isa = PBXBuildFile; fileRef = 47A4A86B1BD9CF19006091DA /* LaunchScreen.storyboard */; };
		47A4A8781BD9CF1A006091DA /* ShuttrTests.m in Sources */ = {isa = PBXBuildFile; fileRef = 47A4A8771BD9CF1A006091DA /* ShuttrTests.m */; };
		47A4A8831BD9CF1A006091DA /* ShuttrUITests.m in Sources */ = {isa = PBXBuildFile; fileRef = 47A4A8821BD9CF1A006091DA /* ShuttrUITests.m */; };
		47A4A89F1BD9CF98006091DA /* AudioToolbox.framework in Frameworks */ = {isa = PBXBuildFile; fileRef = 47A4A89E1BD9CF98006091DA /* AudioToolbox.framework */; };
		47A4A8A11BD9CF9E006091DA /* CFNetwork.framework in Frameworks */ = {isa = PBXBuildFile; fileRef = 47A4A8A01BD9CF9E006091DA /* CFNetwork.framework */; };
		47A4A8A31BD9CFA4006091DA /* CoreGraphics.framework in Frameworks */ = {isa = PBXBuildFile; fileRef = 47A4A8A21BD9CFA4006091DA /* CoreGraphics.framework */; };
		47A4A8A51BD9CFAB006091DA /* CoreLocation.framework in Frameworks */ = {isa = PBXBuildFile; fileRef = 47A4A8A41BD9CFAB006091DA /* CoreLocation.framework */; };
		47A4A8A71BD9CFB1006091DA /* QuartzCore.framework in Frameworks */ = {isa = PBXBuildFile; fileRef = 47A4A8A61BD9CFB1006091DA /* QuartzCore.framework */; };
		47A4A8A91BD9CFB6006091DA /* Security.framework in Frameworks */ = {isa = PBXBuildFile; fileRef = 47A4A8A81BD9CFB6006091DA /* Security.framework */; };
		47A4A8AB1BD9CFBC006091DA /* StoreKit.framework in Frameworks */ = {isa = PBXBuildFile; fileRef = 47A4A8AA1BD9CFBC006091DA /* StoreKit.framework */; };
		47A4A8AD1BD9CFC3006091DA /* SystemConfiguration.framework in Frameworks */ = {isa = PBXBuildFile; fileRef = 47A4A8AC1BD9CFC3006091DA /* SystemConfiguration.framework */; };
		47A4A8AF1BD9CFCB006091DA /* libz.tbd in Frameworks */ = {isa = PBXBuildFile; fileRef = 47A4A8AE1BD9CFCB006091DA /* libz.tbd */; };
		47A4A8B11BD9CFD5006091DA /* libsqlite3.tbd in Frameworks */ = {isa = PBXBuildFile; fileRef = 47A4A8B01BD9CFD5006091DA /* libsqlite3.tbd */; };
		47A4A8D21BDADAB2006091DA /* Like.m in Sources */ = {isa = PBXBuildFile; fileRef = 47A4A8D11BDADAB2006091DA /* Like.m */; };
		658E32341BD9D85300314027 /* Bolts.framework in Frameworks */ = {isa = PBXBuildFile; fileRef = 658E322D1BD9D85300314027 /* Bolts.framework */; };
		658E32351BD9D85300314027 /* Parse.framework in Frameworks */ = {isa = PBXBuildFile; fileRef = 658E322E1BD9D85300314027 /* Parse.framework */; };
		658E32361BD9D85300314027 /* ParseCrashReporting.framework in Frameworks */ = {isa = PBXBuildFile; fileRef = 658E322F1BD9D85300314027 /* ParseCrashReporting.framework */; };
		658E32371BD9D85300314027 /* ParseFacebookUtils.framework in Frameworks */ = {isa = PBXBuildFile; fileRef = 658E32301BD9D85300314027 /* ParseFacebookUtils.framework */; };
		658E32381BD9D85300314027 /* ParseFacebookUtilsV4.framework in Frameworks */ = {isa = PBXBuildFile; fileRef = 658E32311BD9D85300314027 /* ParseFacebookUtilsV4.framework */; };
		658E32391BD9D85300314027 /* ParseTwitterUtils.framework in Frameworks */ = {isa = PBXBuildFile; fileRef = 658E32321BD9D85300314027 /* ParseTwitterUtils.framework */; };
		658E323A1BD9D85300314027 /* ParseUI.framework in Frameworks */ = {isa = PBXBuildFile; fileRef = 658E32331BD9D85300314027 /* ParseUI.framework */; };
		658E323D1BD9D90900314027 /* MainFeedViewController.m in Sources */ = {isa = PBXBuildFile; fileRef = 658E323C1BD9D90900314027 /* MainFeedViewController.m */; };
		658E32401BD9D92300314027 /* CameraViewController.m in Sources */ = {isa = PBXBuildFile; fileRef = 658E323F1BD9D92300314027 /* CameraViewController.m */; };
		658E32431BD9DB6300314027 /* PostPhotosViewController.m in Sources */ = {isa = PBXBuildFile; fileRef = 658E32421BD9DB6300314027 /* PostPhotosViewController.m */; };
		658E32501BD9DCC200314027 /* Camera.storyboard in Resources */ = {isa = PBXBuildFile; fileRef = 658E324E1BD9DCC200314027 /* Camera.storyboard */; };
		658E32531BD9DCDE00314027 /* Post.storyboard in Resources */ = {isa = PBXBuildFile; fileRef = 658E32511BD9DCDE00314027 /* Post.storyboard */; };
/* End PBXBuildFile section */

/* Begin PBXContainerItemProxy section */
		47A4A8741BD9CF1A006091DA /* PBXContainerItemProxy */ = {
			isa = PBXContainerItemProxy;
			containerPortal = 47A4A8521BD9CF19006091DA /* Project object */;
			proxyType = 1;
			remoteGlobalIDString = 47A4A8591BD9CF19006091DA;
			remoteInfo = Shuttr;
		};
		47A4A87F1BD9CF1A006091DA /* PBXContainerItemProxy */ = {
			isa = PBXContainerItemProxy;
			containerPortal = 47A4A8521BD9CF19006091DA /* Project object */;
			proxyType = 1;
			remoteGlobalIDString = 47A4A8591BD9CF19006091DA;
			remoteInfo = Shuttr;
		};
/* End PBXContainerItemProxy section */

/* Begin PBXFileReference section */
		3ACF11671BD9FB8500EDBF4B /* User.h */ = {isa = PBXFileReference; fileEncoding = 4; lastKnownFileType = sourcecode.c.h; path = User.h; sourceTree = "<group>"; };
		3ACF11681BD9FB8500EDBF4B /* User.m */ = {isa = PBXFileReference; fileEncoding = 4; lastKnownFileType = sourcecode.c.objc; path = User.m; sourceTree = "<group>"; };
		3ACF116A1BD9FB9500EDBF4B /* Post.h */ = {isa = PBXFileReference; fileEncoding = 4; lastKnownFileType = sourcecode.c.h; path = Post.h; sourceTree = "<group>"; };
		3ACF116B1BD9FB9500EDBF4B /* Post.m */ = {isa = PBXFileReference; fileEncoding = 4; lastKnownFileType = sourcecode.c.objc; path = Post.m; sourceTree = "<group>"; };
		3ACF116D1BD9FBA900EDBF4B /* Comment.h */ = {isa = PBXFileReference; fileEncoding = 4; lastKnownFileType = sourcecode.c.h; path = Comment.h; sourceTree = "<group>"; };
		3ACF116E1BD9FBA900EDBF4B /* Comment.m */ = {isa = PBXFileReference; fileEncoding = 4; lastKnownFileType = sourcecode.c.objc; path = Comment.m; sourceTree = "<group>"; };
		3ACF11701BDA083C00EDBF4B /* PostCollectionViewCell.h */ = {isa = PBXFileReference; fileEncoding = 4; lastKnownFileType = sourcecode.c.h; path = PostCollectionViewCell.h; sourceTree = "<group>"; };
		3ACF11711BDA083C00EDBF4B /* PostCollectionViewCell.m */ = {isa = PBXFileReference; fileEncoding = 4; lastKnownFileType = sourcecode.c.objc; path = PostCollectionViewCell.m; sourceTree = "<group>"; };
		47A4A85A1BD9CF19006091DA /* Shuttr.app */ = {isa = PBXFileReference; explicitFileType = wrapper.application; includeInIndex = 0; path = Shuttr.app; sourceTree = BUILT_PRODUCTS_DIR; };
		47A4A85E1BD9CF19006091DA /* main.m */ = {isa = PBXFileReference; lastKnownFileType = sourcecode.c.objc; path = main.m; sourceTree = "<group>"; };
		47A4A8601BD9CF19006091DA /* AppDelegate.h */ = {isa = PBXFileReference; lastKnownFileType = sourcecode.c.h; path = AppDelegate.h; sourceTree = "<group>"; };
		47A4A8611BD9CF19006091DA /* AppDelegate.m */ = {isa = PBXFileReference; lastKnownFileType = sourcecode.c.objc; path = AppDelegate.m; sourceTree = "<group>"; };
		47A4A8671BD9CF19006091DA /* Base */ = {isa = PBXFileReference; lastKnownFileType = file.storyboard; name = Base; path = Base.lproj/Main.storyboard; sourceTree = "<group>"; };
		47A4A8691BD9CF19006091DA /* Assets.xcassets */ = {isa = PBXFileReference; lastKnownFileType = folder.assetcatalog; path = Assets.xcassets; sourceTree = "<group>"; };
		47A4A86C1BD9CF19006091DA /* Base */ = {isa = PBXFileReference; lastKnownFileType = file.storyboard; name = Base; path = Base.lproj/LaunchScreen.storyboard; sourceTree = "<group>"; };
		47A4A86E1BD9CF19006091DA /* Info.plist */ = {isa = PBXFileReference; lastKnownFileType = text.plist.xml; path = Info.plist; sourceTree = "<group>"; };
		47A4A8731BD9CF1A006091DA /* ShuttrTests.xctest */ = {isa = PBXFileReference; explicitFileType = wrapper.cfbundle; includeInIndex = 0; path = ShuttrTests.xctest; sourceTree = BUILT_PRODUCTS_DIR; };
		47A4A8771BD9CF1A006091DA /* ShuttrTests.m */ = {isa = PBXFileReference; lastKnownFileType = sourcecode.c.objc; path = ShuttrTests.m; sourceTree = "<group>"; };
		47A4A8791BD9CF1A006091DA /* Info.plist */ = {isa = PBXFileReference; lastKnownFileType = text.plist.xml; path = Info.plist; sourceTree = "<group>"; };
		47A4A87E1BD9CF1A006091DA /* ShuttrUITests.xctest */ = {isa = PBXFileReference; explicitFileType = wrapper.cfbundle; includeInIndex = 0; path = ShuttrUITests.xctest; sourceTree = BUILT_PRODUCTS_DIR; };
		47A4A8821BD9CF1A006091DA /* ShuttrUITests.m */ = {isa = PBXFileReference; lastKnownFileType = sourcecode.c.objc; path = ShuttrUITests.m; sourceTree = "<group>"; };
		47A4A8841BD9CF1A006091DA /* Info.plist */ = {isa = PBXFileReference; lastKnownFileType = text.plist.xml; path = Info.plist; sourceTree = "<group>"; };
		47A4A89E1BD9CF98006091DA /* AudioToolbox.framework */ = {isa = PBXFileReference; lastKnownFileType = wrapper.framework; name = AudioToolbox.framework; path = System/Library/Frameworks/AudioToolbox.framework; sourceTree = SDKROOT; };
		47A4A8A01BD9CF9E006091DA /* CFNetwork.framework */ = {isa = PBXFileReference; lastKnownFileType = wrapper.framework; name = CFNetwork.framework; path = System/Library/Frameworks/CFNetwork.framework; sourceTree = SDKROOT; };
		47A4A8A21BD9CFA4006091DA /* CoreGraphics.framework */ = {isa = PBXFileReference; lastKnownFileType = wrapper.framework; name = CoreGraphics.framework; path = System/Library/Frameworks/CoreGraphics.framework; sourceTree = SDKROOT; };
		47A4A8A41BD9CFAB006091DA /* CoreLocation.framework */ = {isa = PBXFileReference; lastKnownFileType = wrapper.framework; name = CoreLocation.framework; path = System/Library/Frameworks/CoreLocation.framework; sourceTree = SDKROOT; };
		47A4A8A61BD9CFB1006091DA /* QuartzCore.framework */ = {isa = PBXFileReference; lastKnownFileType = wrapper.framework; name = QuartzCore.framework; path = System/Library/Frameworks/QuartzCore.framework; sourceTree = SDKROOT; };
		47A4A8A81BD9CFB6006091DA /* Security.framework */ = {isa = PBXFileReference; lastKnownFileType = wrapper.framework; name = Security.framework; path = System/Library/Frameworks/Security.framework; sourceTree = SDKROOT; };
		47A4A8AA1BD9CFBC006091DA /* StoreKit.framework */ = {isa = PBXFileReference; lastKnownFileType = wrapper.framework; name = StoreKit.framework; path = System/Library/Frameworks/StoreKit.framework; sourceTree = SDKROOT; };
		47A4A8AC1BD9CFC3006091DA /* SystemConfiguration.framework */ = {isa = PBXFileReference; lastKnownFileType = wrapper.framework; name = SystemConfiguration.framework; path = System/Library/Frameworks/SystemConfiguration.framework; sourceTree = SDKROOT; };
		47A4A8AE1BD9CFCB006091DA /* libz.tbd */ = {isa = PBXFileReference; lastKnownFileType = "sourcecode.text-based-dylib-definition"; name = libz.tbd; path = usr/lib/libz.tbd; sourceTree = SDKROOT; };
		47A4A8B01BD9CFD5006091DA /* libsqlite3.tbd */ = {isa = PBXFileReference; lastKnownFileType = "sourcecode.text-based-dylib-definition"; name = libsqlite3.tbd; path = usr/lib/libsqlite3.tbd; sourceTree = SDKROOT; };
		47A4A8D01BDADAB2006091DA /* Like.h */ = {isa = PBXFileReference; fileEncoding = 4; lastKnownFileType = sourcecode.c.h; path = Like.h; sourceTree = "<group>"; };
		47A4A8D11BDADAB2006091DA /* Like.m */ = {isa = PBXFileReference; fileEncoding = 4; lastKnownFileType = sourcecode.c.objc; path = Like.m; sourceTree = "<group>"; };
		658E322D1BD9D85300314027 /* Bolts.framework */ = {isa = PBXFileReference; lastKnownFileType = wrapper.framework; path = Bolts.framework; sourceTree = "<group>"; };
		658E322E1BD9D85300314027 /* Parse.framework */ = {isa = PBXFileReference; lastKnownFileType = wrapper.framework; path = Parse.framework; sourceTree = "<group>"; };
		658E322F1BD9D85300314027 /* ParseCrashReporting.framework */ = {isa = PBXFileReference; lastKnownFileType = wrapper.framework; path = ParseCrashReporting.framework; sourceTree = "<group>"; };
		658E32301BD9D85300314027 /* ParseFacebookUtils.framework */ = {isa = PBXFileReference; lastKnownFileType = wrapper.framework; path = ParseFacebookUtils.framework; sourceTree = "<group>"; };
		658E32311BD9D85300314027 /* ParseFacebookUtilsV4.framework */ = {isa = PBXFileReference; lastKnownFileType = wrapper.framework; path = ParseFacebookUtilsV4.framework; sourceTree = "<group>"; };
		658E32321BD9D85300314027 /* ParseTwitterUtils.framework */ = {isa = PBXFileReference; lastKnownFileType = wrapper.framework; path = ParseTwitterUtils.framework; sourceTree = "<group>"; };
		658E32331BD9D85300314027 /* ParseUI.framework */ = {isa = PBXFileReference; lastKnownFileType = wrapper.framework; path = ParseUI.framework; sourceTree = "<group>"; };
		658E323B1BD9D90900314027 /* MainFeedViewController.h */ = {isa = PBXFileReference; fileEncoding = 4; lastKnownFileType = sourcecode.c.h; path = MainFeedViewController.h; sourceTree = "<group>"; };
		658E323C1BD9D90900314027 /* MainFeedViewController.m */ = {isa = PBXFileReference; fileEncoding = 4; lastKnownFileType = sourcecode.c.objc; path = MainFeedViewController.m; sourceTree = "<group>"; };
		658E323E1BD9D92300314027 /* CameraViewController.h */ = {isa = PBXFileReference; fileEncoding = 4; lastKnownFileType = sourcecode.c.h; path = CameraViewController.h; sourceTree = "<group>"; };
		658E323F1BD9D92300314027 /* CameraViewController.m */ = {isa = PBXFileReference; fileEncoding = 4; lastKnownFileType = sourcecode.c.objc; path = CameraViewController.m; sourceTree = "<group>"; };
		658E32411BD9DB6300314027 /* PostPhotosViewController.h */ = {isa = PBXFileReference; fileEncoding = 4; lastKnownFileType = sourcecode.c.h; path = PostPhotosViewController.h; sourceTree = "<group>"; };
		658E32421BD9DB6300314027 /* PostPhotosViewController.m */ = {isa = PBXFileReference; fileEncoding = 4; lastKnownFileType = sourcecode.c.objc; path = PostPhotosViewController.m; sourceTree = "<group>"; };
		658E324F1BD9DCC200314027 /* Base */ = {isa = PBXFileReference; lastKnownFileType = file.storyboard; name = Base; path = Base.lproj/Camera.storyboard; sourceTree = "<group>"; };
		658E32521BD9DCDE00314027 /* Base */ = {isa = PBXFileReference; lastKnownFileType = file.storyboard; name = Base; path = Base.lproj/Post.storyboard; sourceTree = "<group>"; };
/* End PBXFileReference section */

/* Begin PBXFrameworksBuildPhase section */
		47A4A8571BD9CF19006091DA /* Frameworks */ = {
			isa = PBXFrameworksBuildPhase;
			buildActionMask = 2147483647;
			files = (
				658E32371BD9D85300314027 /* ParseFacebookUtils.framework in Frameworks */,
				47A4A8B11BD9CFD5006091DA /* libsqlite3.tbd in Frameworks */,
				47A4A8AF1BD9CFCB006091DA /* libz.tbd in Frameworks */,
				47A4A8AD1BD9CFC3006091DA /* SystemConfiguration.framework in Frameworks */,
				47A4A8AB1BD9CFBC006091DA /* StoreKit.framework in Frameworks */,
				47A4A8A91BD9CFB6006091DA /* Security.framework in Frameworks */,
				658E32391BD9D85300314027 /* ParseTwitterUtils.framework in Frameworks */,
				47A4A8A71BD9CFB1006091DA /* QuartzCore.framework in Frameworks */,
				47A4A8A51BD9CFAB006091DA /* CoreLocation.framework in Frameworks */,
				658E323A1BD9D85300314027 /* ParseUI.framework in Frameworks */,
				47A4A8A31BD9CFA4006091DA /* CoreGraphics.framework in Frameworks */,
				658E32341BD9D85300314027 /* Bolts.framework in Frameworks */,
				47A4A8A11BD9CF9E006091DA /* CFNetwork.framework in Frameworks */,
				658E32351BD9D85300314027 /* Parse.framework in Frameworks */,
				47A4A89F1BD9CF98006091DA /* AudioToolbox.framework in Frameworks */,
				658E32361BD9D85300314027 /* ParseCrashReporting.framework in Frameworks */,
				658E32381BD9D85300314027 /* ParseFacebookUtilsV4.framework in Frameworks */,
			);
			runOnlyForDeploymentPostprocessing = 0;
		};
		47A4A8701BD9CF1A006091DA /* Frameworks */ = {
			isa = PBXFrameworksBuildPhase;
			buildActionMask = 2147483647;
			files = (
			);
			runOnlyForDeploymentPostprocessing = 0;
		};
		47A4A87B1BD9CF1A006091DA /* Frameworks */ = {
			isa = PBXFrameworksBuildPhase;
			buildActionMask = 2147483647;
			files = (
			);
			runOnlyForDeploymentPostprocessing = 0;
		};
/* End PBXFrameworksBuildPhase section */

/* Begin PBXGroup section */
		47A4A8511BD9CF19006091DA = {
			isa = PBXGroup;
			children = (
				47A4A85C1BD9CF19006091DA /* Shuttr */,
				47A4A8761BD9CF1A006091DA /* ShuttrTests */,
				47A4A8811BD9CF1A006091DA /* ShuttrUITests */,
				47A4A85B1BD9CF19006091DA /* Products */,
			);
			sourceTree = "<group>";
		};
		47A4A85B1BD9CF19006091DA /* Products */ = {
			isa = PBXGroup;
			children = (
				47A4A85A1BD9CF19006091DA /* Shuttr.app */,
				47A4A8731BD9CF1A006091DA /* ShuttrTests.xctest */,
				47A4A87E1BD9CF1A006091DA /* ShuttrUITests.xctest */,
			);
			name = Products;
			sourceTree = "<group>";
		};
		47A4A85C1BD9CF19006091DA /* Shuttr */ = {
			isa = PBXGroup;
			children = (
				47A4A8B41BD9D000006091DA /* Controller */,
				47A4A8B31BD9CFFB006091DA /* View */,
				47A4A8B21BD9CFF0006091DA /* Model */,
				658E324D1BD9DBE200314027 /* Frameworks */,
				47A4A85D1BD9CF19006091DA /* Supporting Files */,
			);
			path = Shuttr;
			sourceTree = "<group>";
		};
		47A4A85D1BD9CF19006091DA /* Supporting Files */ = {
			isa = PBXGroup;
			children = (
				47A4A8691BD9CF19006091DA /* Assets.xcassets */,
				47A4A8601BD9CF19006091DA /* AppDelegate.h */,
				47A4A8611BD9CF19006091DA /* AppDelegate.m */,
				47A4A8B01BD9CFD5006091DA /* libsqlite3.tbd */,
				47A4A8AE1BD9CFCB006091DA /* libz.tbd */,
				47A4A86E1BD9CF19006091DA /* Info.plist */,
				47A4A85E1BD9CF19006091DA /* main.m */,
			);
			name = "Supporting Files";
			sourceTree = "<group>";
		};
		47A4A8761BD9CF1A006091DA /* ShuttrTests */ = {
			isa = PBXGroup;
			children = (
				47A4A8771BD9CF1A006091DA /* ShuttrTests.m */,
				47A4A8791BD9CF1A006091DA /* Info.plist */,
			);
			path = ShuttrTests;
			sourceTree = "<group>";
		};
		47A4A8811BD9CF1A006091DA /* ShuttrUITests */ = {
			isa = PBXGroup;
			children = (
				47A4A8821BD9CF1A006091DA /* ShuttrUITests.m */,
				47A4A8841BD9CF1A006091DA /* Info.plist */,
			);
			path = ShuttrUITests;
			sourceTree = "<group>";
		};
		47A4A8B21BD9CFF0006091DA /* Model */ = {
			isa = PBXGroup;
			children = (
				3ACF11671BD9FB8500EDBF4B /* User.h */,
				3ACF11681BD9FB8500EDBF4B /* User.m */,
				3ACF116A1BD9FB9500EDBF4B /* Post.h */,
				3ACF116B1BD9FB9500EDBF4B /* Post.m */,
				3ACF116D1BD9FBA900EDBF4B /* Comment.h */,
				3ACF116E1BD9FBA900EDBF4B /* Comment.m */,
				3ACF11701BDA083C00EDBF4B /* PostCollectionViewCell.h */,
				3ACF11711BDA083C00EDBF4B /* PostCollectionViewCell.m */,
				47A4A8D01BDADAB2006091DA /* Like.h */,
				47A4A8D11BDADAB2006091DA /* Like.m */,
			);
			name = Model;
			sourceTree = "<group>";
		};
		47A4A8B31BD9CFFB006091DA /* View */ = {
			isa = PBXGroup;
			children = (
				47A4A8661BD9CF19006091DA /* Main.storyboard */,
				658E324E1BD9DCC200314027 /* Camera.storyboard */,
				658E32511BD9DCDE00314027 /* Post.storyboard */,
				47A4A86B1BD9CF19006091DA /* LaunchScreen.storyboard */,
			);
			name = View;
			sourceTree = "<group>";
		};
		47A4A8B41BD9D000006091DA /* Controller */ = {
			isa = PBXGroup;
			children = (
				658E323B1BD9D90900314027 /* MainFeedViewController.h */,
				658E323C1BD9D90900314027 /* MainFeedViewController.m */,
				658E323E1BD9D92300314027 /* CameraViewController.h */,
				658E323F1BD9D92300314027 /* CameraViewController.m */,
				658E32411BD9DB6300314027 /* PostPhotosViewController.h */,
				658E32421BD9DB6300314027 /* PostPhotosViewController.m */,
			);
			name = Controller;
			sourceTree = "<group>";
		};
		658E324D1BD9DBE200314027 /* Frameworks */ = {
			isa = PBXGroup;
			children = (
				658E322D1BD9D85300314027 /* Bolts.framework */,
				658E322E1BD9D85300314027 /* Parse.framework */,
				658E322F1BD9D85300314027 /* ParseCrashReporting.framework */,
				658E32301BD9D85300314027 /* ParseFacebookUtils.framework */,
				658E32311BD9D85300314027 /* ParseFacebookUtilsV4.framework */,
				658E32321BD9D85300314027 /* ParseTwitterUtils.framework */,
				658E32331BD9D85300314027 /* ParseUI.framework */,
				47A4A8AC1BD9CFC3006091DA /* SystemConfiguration.framework */,
				47A4A8AA1BD9CFBC006091DA /* StoreKit.framework */,
				47A4A8A81BD9CFB6006091DA /* Security.framework */,
				47A4A8A61BD9CFB1006091DA /* QuartzCore.framework */,
				47A4A8A41BD9CFAB006091DA /* CoreLocation.framework */,
				47A4A8A21BD9CFA4006091DA /* CoreGraphics.framework */,
				47A4A8A01BD9CF9E006091DA /* CFNetwork.framework */,
				47A4A89E1BD9CF98006091DA /* AudioToolbox.framework */,
			);
			name = Frameworks;
			sourceTree = "<group>";
		};
/* End PBXGroup section */

/* Begin PBXNativeTarget section */
		47A4A8591BD9CF19006091DA /* Shuttr */ = {
			isa = PBXNativeTarget;
			buildConfigurationList = 47A4A8871BD9CF1A006091DA /* Build configuration list for PBXNativeTarget "Shuttr" */;
			buildPhases = (
				47A4A8561BD9CF19006091DA /* Sources */,
				47A4A8571BD9CF19006091DA /* Frameworks */,
				47A4A8581BD9CF19006091DA /* Resources */,
			);
			buildRules = (
			);
			dependencies = (
			);
			name = Shuttr;
			productName = Shuttr;
			productReference = 47A4A85A1BD9CF19006091DA /* Shuttr.app */;
			productType = "com.apple.product-type.application";
		};
		47A4A8721BD9CF1A006091DA /* ShuttrTests */ = {
			isa = PBXNativeTarget;
			buildConfigurationList = 47A4A88A1BD9CF1A006091DA /* Build configuration list for PBXNativeTarget "ShuttrTests" */;
			buildPhases = (
				47A4A86F1BD9CF1A006091DA /* Sources */,
				47A4A8701BD9CF1A006091DA /* Frameworks */,
				47A4A8711BD9CF1A006091DA /* Resources */,
			);
			buildRules = (
			);
			dependencies = (
				47A4A8751BD9CF1A006091DA /* PBXTargetDependency */,
			);
			name = ShuttrTests;
			productName = ShuttrTests;
			productReference = 47A4A8731BD9CF1A006091DA /* ShuttrTests.xctest */;
			productType = "com.apple.product-type.bundle.unit-test";
		};
		47A4A87D1BD9CF1A006091DA /* ShuttrUITests */ = {
			isa = PBXNativeTarget;
			buildConfigurationList = 47A4A88D1BD9CF1A006091DA /* Build configuration list for PBXNativeTarget "ShuttrUITests" */;
			buildPhases = (
				47A4A87A1BD9CF1A006091DA /* Sources */,
				47A4A87B1BD9CF1A006091DA /* Frameworks */,
				47A4A87C1BD9CF1A006091DA /* Resources */,
			);
			buildRules = (
			);
			dependencies = (
				47A4A8801BD9CF1A006091DA /* PBXTargetDependency */,
			);
			name = ShuttrUITests;
			productName = ShuttrUITests;
			productReference = 47A4A87E1BD9CF1A006091DA /* ShuttrUITests.xctest */;
			productType = "com.apple.product-type.bundle.ui-testing";
		};
/* End PBXNativeTarget section */

/* Begin PBXProject section */
		47A4A8521BD9CF19006091DA /* Project object */ = {
			isa = PBXProject;
			attributes = {
				LastUpgradeCheck = 0710;
				ORGANIZATIONNAME = MMInstaGroup;
				TargetAttributes = {
					47A4A8591BD9CF19006091DA = {
						CreatedOnToolsVersion = 7.1;
					};
					47A4A8721BD9CF1A006091DA = {
						CreatedOnToolsVersion = 7.1;
						TestTargetID = 47A4A8591BD9CF19006091DA;
					};
					47A4A87D1BD9CF1A006091DA = {
						CreatedOnToolsVersion = 7.1;
						TestTargetID = 47A4A8591BD9CF19006091DA;
					};
				};
			};
			buildConfigurationList = 47A4A8551BD9CF19006091DA /* Build configuration list for PBXProject "Shuttr" */;
			compatibilityVersion = "Xcode 3.2";
			developmentRegion = English;
			hasScannedForEncodings = 0;
			knownRegions = (
				en,
				Base,
			);
			mainGroup = 47A4A8511BD9CF19006091DA;
			productRefGroup = 47A4A85B1BD9CF19006091DA /* Products */;
			projectDirPath = "";
			projectRoot = "";
			targets = (
				47A4A8591BD9CF19006091DA /* Shuttr */,
				47A4A8721BD9CF1A006091DA /* ShuttrTests */,
				47A4A87D1BD9CF1A006091DA /* ShuttrUITests */,
			);
		};
/* End PBXProject section */

/* Begin PBXResourcesBuildPhase section */
		47A4A8581BD9CF19006091DA /* Resources */ = {
			isa = PBXResourcesBuildPhase;
			buildActionMask = 2147483647;
			files = (
				47A4A86D1BD9CF19006091DA /* LaunchScreen.storyboard in Resources */,
				658E32501BD9DCC200314027 /* Camera.storyboard in Resources */,
				47A4A86A1BD9CF19006091DA /* Assets.xcassets in Resources */,
				658E32531BD9DCDE00314027 /* Post.storyboard in Resources */,
				47A4A8681BD9CF19006091DA /* Main.storyboard in Resources */,
			);
			runOnlyForDeploymentPostprocessing = 0;
		};
		47A4A8711BD9CF1A006091DA /* Resources */ = {
			isa = PBXResourcesBuildPhase;
			buildActionMask = 2147483647;
			files = (
			);
			runOnlyForDeploymentPostprocessing = 0;
		};
		47A4A87C1BD9CF1A006091DA /* Resources */ = {
			isa = PBXResourcesBuildPhase;
			buildActionMask = 2147483647;
			files = (
			);
			runOnlyForDeploymentPostprocessing = 0;
		};
/* End PBXResourcesBuildPhase section */

/* Begin PBXSourcesBuildPhase section */
		47A4A8561BD9CF19006091DA /* Sources */ = {
			isa = PBXSourcesBuildPhase;
			buildActionMask = 2147483647;
			files = (
				47A4A8D21BDADAB2006091DA /* Like.m in Sources */,
				47A4A8621BD9CF19006091DA /* AppDelegate.m in Sources */,
				658E32401BD9D92300314027 /* CameraViewController.m in Sources */,
				3ACF11691BD9FB8500EDBF4B /* User.m in Sources */,
				47A4A85F1BD9CF19006091DA /* main.m in Sources */,
				658E32431BD9DB6300314027 /* PostPhotosViewController.m in Sources */,
				3ACF11721BDA083C00EDBF4B /* PostCollectionViewCell.m in Sources */,
				658E323D1BD9D90900314027 /* MainFeedViewController.m in Sources */,
				3ACF116C1BD9FB9500EDBF4B /* Post.m in Sources */,
				3ACF116F1BD9FBA900EDBF4B /* Comment.m in Sources */,
			);
			runOnlyForDeploymentPostprocessing = 0;
		};
		47A4A86F1BD9CF1A006091DA /* Sources */ = {
			isa = PBXSourcesBuildPhase;
			buildActionMask = 2147483647;
			files = (
				47A4A8781BD9CF1A006091DA /* ShuttrTests.m in Sources */,
			);
			runOnlyForDeploymentPostprocessing = 0;
		};
		47A4A87A1BD9CF1A006091DA /* Sources */ = {
			isa = PBXSourcesBuildPhase;
			buildActionMask = 2147483647;
			files = (
				47A4A8831BD9CF1A006091DA /* ShuttrUITests.m in Sources */,
			);
			runOnlyForDeploymentPostprocessing = 0;
		};
/* End PBXSourcesBuildPhase section */

/* Begin PBXTargetDependency section */
		47A4A8751BD9CF1A006091DA /* PBXTargetDependency */ = {
			isa = PBXTargetDependency;
			target = 47A4A8591BD9CF19006091DA /* Shuttr */;
			targetProxy = 47A4A8741BD9CF1A006091DA /* PBXContainerItemProxy */;
		};
		47A4A8801BD9CF1A006091DA /* PBXTargetDependency */ = {
			isa = PBXTargetDependency;
			target = 47A4A8591BD9CF19006091DA /* Shuttr */;
			targetProxy = 47A4A87F1BD9CF1A006091DA /* PBXContainerItemProxy */;
		};
/* End PBXTargetDependency section */

/* Begin PBXVariantGroup section */
		47A4A8661BD9CF19006091DA /* Main.storyboard */ = {
			isa = PBXVariantGroup;
			children = (
				47A4A8671BD9CF19006091DA /* Base */,
			);
			name = Main.storyboard;
			sourceTree = "<group>";
		};
		47A4A86B1BD9CF19006091DA /* LaunchScreen.storyboard */ = {
			isa = PBXVariantGroup;
			children = (
				47A4A86C1BD9CF19006091DA /* Base */,
			);
			name = LaunchScreen.storyboard;
			sourceTree = "<group>";
		};
		658E324E1BD9DCC200314027 /* Camera.storyboard */ = {
			isa = PBXVariantGroup;
			children = (
				658E324F1BD9DCC200314027 /* Base */,
			);
			name = Camera.storyboard;
			sourceTree = "<group>";
		};
		658E32511BD9DCDE00314027 /* Post.storyboard */ = {
			isa = PBXVariantGroup;
			children = (
				658E32521BD9DCDE00314027 /* Base */,
			);
			name = Post.storyboard;
			sourceTree = "<group>";
		};
/* End PBXVariantGroup section */

/* Begin XCBuildConfiguration section */
		47A4A8851BD9CF1A006091DA /* Debug */ = {
			isa = XCBuildConfiguration;
			buildSettings = {
				ALWAYS_SEARCH_USER_PATHS = NO;
				CLANG_CXX_LANGUAGE_STANDARD = "gnu++0x";
				CLANG_CXX_LIBRARY = "libc++";
				CLANG_ENABLE_MODULES = YES;
				CLANG_ENABLE_OBJC_ARC = YES;
				CLANG_WARN_BOOL_CONVERSION = YES;
				CLANG_WARN_CONSTANT_CONVERSION = YES;
				CLANG_WARN_DIRECT_OBJC_ISA_USAGE = YES_ERROR;
				CLANG_WARN_EMPTY_BODY = YES;
				CLANG_WARN_ENUM_CONVERSION = YES;
				CLANG_WARN_INT_CONVERSION = YES;
				CLANG_WARN_OBJC_ROOT_CLASS = YES_ERROR;
				CLANG_WARN_UNREACHABLE_CODE = YES;
				CLANG_WARN__DUPLICATE_METHOD_MATCH = YES;
				"CODE_SIGN_IDENTITY[sdk=iphoneos*]" = "iPhone Developer";
				COPY_PHASE_STRIP = NO;
				DEBUG_INFORMATION_FORMAT = dwarf;
				ENABLE_STRICT_OBJC_MSGSEND = YES;
				ENABLE_TESTABILITY = YES;
				GCC_C_LANGUAGE_STANDARD = gnu99;
				GCC_DYNAMIC_NO_PIC = NO;
				GCC_NO_COMMON_BLOCKS = YES;
				GCC_OPTIMIZATION_LEVEL = 0;
				GCC_PREPROCESSOR_DEFINITIONS = (
					"DEBUG=1",
					"$(inherited)",
				);
				GCC_WARN_64_TO_32_BIT_CONVERSION = YES;
				GCC_WARN_ABOUT_RETURN_TYPE = YES_ERROR;
				GCC_WARN_UNDECLARED_SELECTOR = YES;
				GCC_WARN_UNINITIALIZED_AUTOS = YES_AGGRESSIVE;
				GCC_WARN_UNUSED_FUNCTION = YES;
				GCC_WARN_UNUSED_VARIABLE = YES;
				IPHONEOS_DEPLOYMENT_TARGET = 9.1;
				MTL_ENABLE_DEBUG_INFO = YES;
				ONLY_ACTIVE_ARCH = YES;
				SDKROOT = iphoneos;
			};
			name = Debug;
		};
		47A4A8861BD9CF1A006091DA /* Release */ = {
			isa = XCBuildConfiguration;
			buildSettings = {
				ALWAYS_SEARCH_USER_PATHS = NO;
				CLANG_CXX_LANGUAGE_STANDARD = "gnu++0x";
				CLANG_CXX_LIBRARY = "libc++";
				CLANG_ENABLE_MODULES = YES;
				CLANG_ENABLE_OBJC_ARC = YES;
				CLANG_WARN_BOOL_CONVERSION = YES;
				CLANG_WARN_CONSTANT_CONVERSION = YES;
				CLANG_WARN_DIRECT_OBJC_ISA_USAGE = YES_ERROR;
				CLANG_WARN_EMPTY_BODY = YES;
				CLANG_WARN_ENUM_CONVERSION = YES;
				CLANG_WARN_INT_CONVERSION = YES;
				CLANG_WARN_OBJC_ROOT_CLASS = YES_ERROR;
				CLANG_WARN_UNREACHABLE_CODE = YES;
				CLANG_WARN__DUPLICATE_METHOD_MATCH = YES;
				"CODE_SIGN_IDENTITY[sdk=iphoneos*]" = "iPhone Developer";
				COPY_PHASE_STRIP = NO;
				DEBUG_INFORMATION_FORMAT = "dwarf-with-dsym";
				ENABLE_NS_ASSERTIONS = NO;
				ENABLE_STRICT_OBJC_MSGSEND = YES;
				GCC_C_LANGUAGE_STANDARD = gnu99;
				GCC_NO_COMMON_BLOCKS = YES;
				GCC_WARN_64_TO_32_BIT_CONVERSION = YES;
				GCC_WARN_ABOUT_RETURN_TYPE = YES_ERROR;
				GCC_WARN_UNDECLARED_SELECTOR = YES;
				GCC_WARN_UNINITIALIZED_AUTOS = YES_AGGRESSIVE;
				GCC_WARN_UNUSED_FUNCTION = YES;
				GCC_WARN_UNUSED_VARIABLE = YES;
				IPHONEOS_DEPLOYMENT_TARGET = 9.1;
				MTL_ENABLE_DEBUG_INFO = NO;
				SDKROOT = iphoneos;
				VALIDATE_PRODUCT = YES;
			};
			name = Release;
		};
		47A4A8881BD9CF1A006091DA /* Debug */ = {
			isa = XCBuildConfiguration;
			buildSettings = {
				ASSETCATALOG_COMPILER_APPICON_NAME = AppIcon;
				FRAMEWORK_SEARCH_PATHS = (
					"$(inherited)",
					"$(PROJECT_DIR)/Shuttr",
				);
				INFOPLIST_FILE = Shuttr/Info.plist;
				LD_RUNPATH_SEARCH_PATHS = "$(inherited) @executable_path/Frameworks";
				PRODUCT_BUNDLE_IDENTIFIER = com.MMInstaGroup.Shuttr;
				PRODUCT_NAME = "$(TARGET_NAME)";
			};
			name = Debug;
		};
		47A4A8891BD9CF1A006091DA /* Release */ = {
			isa = XCBuildConfiguration;
			buildSettings = {
				ASSETCATALOG_COMPILER_APPICON_NAME = AppIcon;
				FRAMEWORK_SEARCH_PATHS = (
					"$(inherited)",
					"$(PROJECT_DIR)/Shuttr",
				);
				INFOPLIST_FILE = Shuttr/Info.plist;
				LD_RUNPATH_SEARCH_PATHS = "$(inherited) @executable_path/Frameworks";
				PRODUCT_BUNDLE_IDENTIFIER = com.MMInstaGroup.Shuttr;
				PRODUCT_NAME = "$(TARGET_NAME)";
			};
			name = Release;
		};
		47A4A88B1BD9CF1A006091DA /* Debug */ = {
			isa = XCBuildConfiguration;
			buildSettings = {
				BUNDLE_LOADER = "$(TEST_HOST)";
				INFOPLIST_FILE = ShuttrTests/Info.plist;
				LD_RUNPATH_SEARCH_PATHS = "$(inherited) @executable_path/Frameworks @loader_path/Frameworks";
				PRODUCT_BUNDLE_IDENTIFIER = com.MMInstaGroup.ShuttrTests;
				PRODUCT_NAME = "$(TARGET_NAME)";
				TEST_HOST = "$(BUILT_PRODUCTS_DIR)/Shuttr.app/Shuttr";
			};
			name = Debug;
		};
		47A4A88C1BD9CF1A006091DA /* Release */ = {
			isa = XCBuildConfiguration;
			buildSettings = {
				BUNDLE_LOADER = "$(TEST_HOST)";
				INFOPLIST_FILE = ShuttrTests/Info.plist;
				LD_RUNPATH_SEARCH_PATHS = "$(inherited) @executable_path/Frameworks @loader_path/Frameworks";
				PRODUCT_BUNDLE_IDENTIFIER = com.MMInstaGroup.ShuttrTests;
				PRODUCT_NAME = "$(TARGET_NAME)";
				TEST_HOST = "$(BUILT_PRODUCTS_DIR)/Shuttr.app/Shuttr";
			};
			name = Release;
		};
		47A4A88E1BD9CF1A006091DA /* Debug */ = {
			isa = XCBuildConfiguration;
			buildSettings = {
				INFOPLIST_FILE = ShuttrUITests/Info.plist;
				LD_RUNPATH_SEARCH_PATHS = "$(inherited) @executable_path/Frameworks @loader_path/Frameworks";
				PRODUCT_BUNDLE_IDENTIFIER = com.MMInstaGroup.ShuttrUITests;
				PRODUCT_NAME = "$(TARGET_NAME)";
				TEST_TARGET_NAME = Shuttr;
				USES_XCTRUNNER = YES;
			};
			name = Debug;
		};
		47A4A88F1BD9CF1A006091DA /* Release */ = {
			isa = XCBuildConfiguration;
			buildSettings = {
				INFOPLIST_FILE = ShuttrUITests/Info.plist;
				LD_RUNPATH_SEARCH_PATHS = "$(inherited) @executable_path/Frameworks @loader_path/Frameworks";
				PRODUCT_BUNDLE_IDENTIFIER = com.MMInstaGroup.ShuttrUITests;
				PRODUCT_NAME = "$(TARGET_NAME)";
				TEST_TARGET_NAME = Shuttr;
				USES_XCTRUNNER = YES;
			};
			name = Release;
		};
/* End XCBuildConfiguration section */

/* Begin XCConfigurationList section */
		47A4A8551BD9CF19006091DA /* Build configuration list for PBXProject "Shuttr" */ = {
			isa = XCConfigurationList;
			buildConfigurations = (
				47A4A8851BD9CF1A006091DA /* Debug */,
				47A4A8861BD9CF1A006091DA /* Release */,
			);
			defaultConfigurationIsVisible = 0;
			defaultConfigurationName = Release;
		};
		47A4A8871BD9CF1A006091DA /* Build configuration list for PBXNativeTarget "Shuttr" */ = {
			isa = XCConfigurationList;
			buildConfigurations = (
				47A4A8881BD9CF1A006091DA /* Debug */,
				47A4A8891BD9CF1A006091DA /* Release */,
			);
			defaultConfigurationIsVisible = 0;
			defaultConfigurationName = Release;
		};
		47A4A88A1BD9CF1A006091DA /* Build configuration list for PBXNativeTarget "ShuttrTests" */ = {
			isa = XCConfigurationList;
			buildConfigurations = (
				47A4A88B1BD9CF1A006091DA /* Debug */,
				47A4A88C1BD9CF1A006091DA /* Release */,
			);
			defaultConfigurationIsVisible = 0;
			defaultConfigurationName = Release;
		};
		47A4A88D1BD9CF1A006091DA /* Build configuration list for PBXNativeTarget "ShuttrUITests" */ = {
			isa = XCConfigurationList;
			buildConfigurations = (
				47A4A88E1BD9CF1A006091DA /* Debug */,
				47A4A88F1BD9CF1A006091DA /* Release */,
			);
			defaultConfigurationIsVisible = 0;
			defaultConfigurationName = Release;
		};
/* End XCConfigurationList section */
	};
	rootObject = 47A4A8521BD9CF19006091DA /* Project object */;
}
